
Microsoft Visual Studio Solution File, Format Version 12.00
# Visual Studio Version 16
VisualStudioVersion = 16.0.31205.134
MinimumVisualStudioVersion = 10.0.40219.1
Project("{FAE04EC0-301F-11D3-BF4B-00C04F79EFBC}") = "MVVMSample005", "MVVMSample005\MVVMSample005.csproj", "{337A420E-04A8-44D3-AD98-DB754AEB5C2E}"
EndProject
Global
	GlobalSection(SolutionConfigurationPlatforms) = preSolution
		Debug|Any CPU = Debug|Any CPU
		Release|Any CPU = Release|Any CPU
	EndGlobalSection
	GlobalSection(ProjectConfigurationPlatforms) = postSolution
		{337A420E-04A8-44D3-AD98-DB754AEB5C2E}.Debug|Any CPU.ActiveCfg = Debug|Any CPU
		{337A420E-04A8-44D3-AD98-DB754AEB5C2E}.Debug|Any CPU.Build.0 = Debug|Any CPU
		{337A420E-04A8-44D3-AD98-DB754AEB5C2E}.Release|Any CPU.ActiveCfg = Release|Any CPU
		{337A420E-04A8-44D3-AD98-DB754AEB5C2E}.Release|Any CPU.Build.0 = Release|Any CPU
	EndGlobalSection
	GlobalSection(SolutionProperties) = preSolution
		HideSolutionNode = FALSE
	EndGlobalSection
	GlobalSection(ExtensibilityGlobals) = postSolution
		SolutionGuid = {0925803C-118E-4EF3-9917-4D22C3FA66A5}
	EndGlobalSection
EndGlobal
